github.com/jomei/notionapi v1.12.9 h1:ecqBJ7CMS4OrXKjdwEpfpn6+xu+DsUKqfulFwKAi2eE=
github.com/jomei/notionapi v1.12.9/go.mod h1:BqzP6JBddpBnXvMSIxiR5dCoCjKngmz5QNl1ONDlDoM=
github.com/yuin/goldmark v1.7.0 h1:EfOIvIMZIzHdB/R/zVrikYLPPwJlfMcNczJFMs1m6sA=
github.com/yuin/goldmark v1.7.0/go.mod h1:uzxRWxtg69N339t3louHJ7+O03ezfj6PlliRlaOzY1E=
